
Microsoft Visual Studio Solution File, Format Version 12.00
# Visual Studio Version 17
VisualStudioVersion = 17.9.34616.47
MinimumVisualStudioVersion = 10.0.40219.1
Project("{FAE04EC0-301F-11D3-BF4B-00C04F79EFBC}") = "COMP003A.Assignment7", "COMP003A.Assignment7\COMP003A.Assignment7.csproj", "{2CAEE7CB-7DC0-4A09-9401-3E17B9014C05}"
EndProject
Global
	GlobalSection(SolutionConfigurationPlatforms) = preSolution
		Debug|Any CPU = Debug|Any CPU
		Release|Any CPU = Release|Any CPU
	EndGlobalSection
	GlobalSection(ProjectConfigurationPlatforms) = postSolution
		{2CAEE7CB-7DC0-4A09-9401-3E17B9014C05}.Debug|Any CPU.ActiveCfg = Debug|Any CPU
		{2CAEE7CB-7DC0-4A09-9401-3E17B9014C05}.Debug|Any CPU.Build.0 = Debug|Any CPU
		{2CAEE7CB-7DC0-4A09-9401-3E17B9014C05}.Release|Any CPU.ActiveCfg = Release|Any CPU
		{2CAEE7CB-7DC0-4A09-9401-3E17B9014C05}.Release|Any CPU.Build.0 = Release|Any CPU
	EndGlobalSection
	GlobalSection(SolutionProperties) = preSolution
		HideSolutionNode = FALSE
	EndGlobalSection
	GlobalSection(ExtensibilityGlobals) = postSolution
		SolutionGuid = {4EBC9825-D102-4AE2-8F59-081257E93D4B}
	EndGlobalSection
EndGlobal
